
Microsoft Visual Studio Solution File, Format Version 12.00
# Visual Studio Version 17
VisualStudioVersion = 17.5.002.0
MinimumVisualStudioVersion = 10.0.40219.1
Project("{2150E333-8FDC-42A3-9474-1A3956D46DE8}") = "backend", "backend", "{620403C9-C768-4BE9-93BC-B40AD1CE9A8F}"
EndProject
Project("{9A19103F-16F7-4668-BE54-9A1E7A4F7556}") = "api", "backend\api\api.csproj", "{FD9F8E25-ED51-4133-930F-AC8CE86D084A}"
EndProject
Global
	GlobalSection(SolutionConfigurationPlatforms) = preSolution
		Debug|Any CPU = Debug|Any CPU
		Release|Any CPU = Release|Any CPU
	EndGlobalSection
	GlobalSection(ProjectConfigurationPlatforms) = postSolution
		{FD9F8E25-ED51-4133-930F-AC8CE86D084A}.Debug|Any CPU.ActiveCfg = Debug|Any CPU
		{FD9F8E25-ED51-4133-930F-AC8CE86D084A}.Debug|Any CPU.Build.0 = Debug|Any CPU
		{FD9F8E25-ED51-4133-930F-AC8CE86D084A}.Release|Any CPU.ActiveCfg = Release|Any CPU
		{FD9F8E25-ED51-4133-930F-AC8CE86D084A}.Release|Any CPU.Build.0 = Release|Any CPU
	EndGlobalSection
	GlobalSection(SolutionProperties) = preSolution
		HideSolutionNode = FALSE
	EndGlobalSection
	GlobalSection(NestedProjects) = preSolution
		{FD9F8E25-ED51-4133-930F-AC8CE86D084A} = {620403C9-C768-4BE9-93BC-B40AD1CE9A8F}
	EndGlobalSection
	GlobalSection(ExtensibilityGlobals) = postSolution
		SolutionGuid = {6C1E9EFD-2E2B-419F-A994-6860516F6E7E}
	EndGlobalSection
EndGlobal
